
Microsoft Visual Studio Solution File, Format Version 12.00
# Visual Studio 14
VisualStudioVersion = 14.0.25420.1
MinimumVisualStudioVersion = 10.0.40219.1
Project("{FAE04EC0-301F-11D3-BF4B-00C04F79EFBC}") = "Client", "Client\Client.csproj", "{46CA8008-FAD1-4282-9778-6B43C8DF5772}"
EndProject
Project("{FAE04EC0-301F-11D3-BF4B-00C04F79EFBC}") = "Server", "Server\Server.csproj", "{9AB3F5D0-7B9E-4022-9C79-77E269D4EA7A}"
EndProject
Project("{FAE04EC0-301F-11D3-BF4B-00C04F79EFBC}") = "Editor", "Editor\Editor.csproj", "{570DAC81-EF23-4070-8E96-0B44C2309966}"
EndProject
Global
	GlobalSection(SolutionConfigurationPlatforms) = preSolution
		Debug|Any CPU = Debug|Any CPU
		Release|Any CPU = Release|Any CPU
	EndGlobalSection
	GlobalSection(ProjectConfigurationPlatforms) = postSolution
		{46CA8008-FAD1-4282-9778-6B43C8DF5772}.Debug|Any CPU.ActiveCfg = Debug|x86
		{46CA8008-FAD1-4282-9778-6B43C8DF5772}.Debug|Any CPU.Build.0 = Debug|x86
		{46CA8008-FAD1-4282-9778-6B43C8DF5772}.Release|Any CPU.ActiveCfg = Release|Any CPU
		{46CA8008-FAD1-4282-9778-6B43C8DF5772}.Release|Any CPU.Build.0 = Release|Any CPU
		{9AB3F5D0-7B9E-4022-9C79-77E269D4EA7A}.Debug|Any CPU.ActiveCfg = Debug|Any CPU
		{9AB3F5D0-7B9E-4022-9C79-77E269D4EA7A}.Debug|Any CPU.Build.0 = Debug|Any CPU
		{9AB3F5D0-7B9E-4022-9C79-77E269D4EA7A}.Release|Any CPU.ActiveCfg = Release|Any CPU
		{9AB3F5D0-7B9E-4022-9C79-77E269D4EA7A}.Release|Any CPU.Build.0 = Release|Any CPU
		{570DAC81-EF23-4070-8E96-0B44C2309966}.Debug|Any CPU.ActiveCfg = Debug|x86
		{570DAC81-EF23-4070-8E96-0B44C2309966}.Debug|Any CPU.Build.0 = Debug|x86
		{570DAC81-EF23-4070-8E96-0B44C2309966}.Release|Any CPU.ActiveCfg = Release|Any CPU
		{570DAC81-EF23-4070-8E96-0B44C2309966}.Release|Any CPU.Build.0 = Release|Any CPU
	EndGlobalSection
	GlobalSection(SolutionProperties) = preSolution
		HideSolutionNode = FALSE
	EndGlobalSection
EndGlobal
